{
  "name": "public",
  "version": "1.0.0",
  "lockfileVersion": 1,
  "dependencies": {
    "angular": {
      "version": "1.7.3",
      "resolved": "https://registry.npmjs.org/angular/-/angular-1.7.3.tgz",
      "integrity": "sha512-hQRhU56shs72y88cS0Uy9g+UAMHoztJ3V+r+iF8o1AK/Bpu8ewmjFDk9j2LjSuN05a9mhxW1rOHnYKOwyTS/Zg=="
    },
    "angular-bindonce": {
      "version": "0.3.1",
      "resolved": "https://registry.npmjs.org/angular-bindonce/-/angular-bindonce-0.3.1.tgz",
      "integrity": "sha1-rxlXSr1D9gi5I2owLMXOSdcdycY="
    },
    "angular-bootstrap": {
      "version": "0.12.2",
      "resolved": "https://registry.npmjs.org/angular-bootstrap/-/angular-bootstrap-0.12.2.tgz",
      "integrity": "sha1-3pkAp9sIen6dpHMEqcL3f5wGmCc="
    },
    "angular-chart.js": {
      "version": "0.8.9",
      "resolved": "https://registry.npmjs.org/angular-chart.js/-/angular-chart.js-0.8.9.tgz",
      "integrity": "sha1-0I0XLMCOKLM3LqLeTIPAvoEWVIM="
    },
    "angular-sanitize": {
      "version": "1.7.3",
      "resolved": "https://registry.npmjs.org/angular-sanitize/-/angular-sanitize-1.7.3.tgz",
      "integrity": "sha512-2t5BXXx0/4qGdGp54eCvT+1fM+yFP2ub5TnNFIpJDeSrPwlQD8ThesOWxEsBnr+3UVKTE/TzX2Q4g8qjQXhDzw=="
    },
    "angular-socket-io": {
      "version": "0.7.0",
      "resolved": "https://registry.npmjs.org/angular-socket-io/-/angular-socket-io-0.7.0.tgz",
      "integrity": "sha1-eKjWCqVxlKAzC8MTfU2hCGmLl88="
    },
    "angular-spinner": {
      "version": "0.8.1",
      "resolved": "https://registry.npmjs.org/angular-spinner/-/angular-spinner-0.8.1.tgz",
      "integrity": "sha1-Hbzfa+8omSZkWWqh3fgZTQE6rPk="
    },
    "angular-toarrayfilter": {
      "version": "1.0.3",
      "resolved": "https://registry.npmjs.org/angular-toarrayfilter/-/angular-toarrayfilter-1.0.3.tgz",
      "integrity": "sha512-sBxwLIlTCqoPUb2sCTc4RqxsmxJELfsIkImp2O1FGt+tB7dkwEVjy3sAKnTy2oiX5shb/HMt8qiQPWEnMFI03w=="
    },
    "angular-ui-bootstrap": {
      "version": "0.14.3",
      "resolved": "https://registry.npmjs.org/angular-ui-bootstrap/-/angular-ui-bootstrap-0.14.3.tgz",
      "integrity": "sha1-2WzmBMhLvXBro0qryh1ac3bhi6Y="
    },
    "angular-ui-codemirror": {
      "version": "0.3.0",
      "resolved": "https://registry.npmjs.org/angular-ui-codemirror/-/angular-ui-codemirror-0.3.0.tgz",
      "integrity": "sha1-5ChvxQ85PypuaXwb8xcEJOEsu2A="
    },
    "angular-ui-router": {
      "version": "0.2.18",
      "resolved": "https://registry.npmjs.org/angular-ui-router/-/angular-ui-router-0.2.18.tgz",
      "integrity": "sha1-Ha1wQVxz1wRv0uEw3wPWL7dGQ2A="
    },
    "bootstrap": {
      "version": "3.3.7",
      "resolved": "https://registry.npmjs.org/bootstrap/-/bootstrap-3.3.7.tgz",
      "integrity": "sha1-WjiTlFSfIzMIdaOxUGVldPip63E="
    },
    "chart.js": {
      "version": "1.1.1",
      "resolved": "https://registry.npmjs.org/chart.js/-/chart.js-1.1.1.tgz",
      "integrity": "sha1-qbFwVCIL1Fy9sXb9a8uHg++HGn0="
    },
    "codemirror": {
      "version": "5.39.2",
      "resolved": "https://registry.npmjs.org/codemirror/-/codemirror-5.39.2.tgz",
      "integrity": "sha512-mchBy0kQ1Wggi+e58SmoLgKO4nG7s/BqNg6/6TRbhsnXI/KRG+fKAvRQ1LLhZZ6ZtUoDQ0dl5aMhE+IkSRh60Q=="
    },
    "jquery": {
      "version": "2.2.4",
      "resolved": "https://registry.npmjs.org/jquery/-/jquery-2.2.4.tgz",
      "integrity": "sha1-LInWiJterFIqfuoywUUhVZxsvwI="
    },
    "moment": {
      "version": "2.22.2",
      "resolved": "https://registry.npmjs.org/moment/-/moment-2.22.2.tgz",
      "integrity": "sha1-PCV/mDn8DpP/UxSWMiOeuQeD/2Y="
    },
    "socket.io-client": {
      "version": "1.7.4",
      "resolved": "https://registry.npmjs.org/socket.io-client/-/socket.io-client-1.7.4.tgz",
      "integrity": "sha1-7J+CA1btme9tNX8HVtZIcXvdQoE="
    },
    "spin.js": {
      "version": "2.3.2",
      "resolved": "https://registry.npmjs.org/spin.js/-/spin.js-2.3.2.tgz",
      "integrity": "sha1-bKpW1SBnNFD9XPvGlx5tB3LDeho="
    }
  }
}
